
Microsoft Visual Studio Solution File, Format Version 12.00
# Visual Studio Version 17
VisualStudioVersion = 17.5.002.0
MinimumVisualStudioVersion = 10.0.40219.1
Project("{9A19103F-16F7-4668-BE54-9A1E7A4F7556}") = "C# co ban", "C# co ban.csproj", "{BA572FC0-5911-457A-BEC0-314E143D7D31}"
EndProject
Global
	GlobalSection(SolutionConfigurationPlatforms) = preSolution
		Debug|Any CPU = Debug|Any CPU
		Release|Any CPU = Release|Any CPU
	EndGlobalSection
	GlobalSection(ProjectConfigurationPlatforms) = postSolution
		{BA572FC0-5911-457A-BEC0-314E143D7D31}.Debug|Any CPU.ActiveCfg = Debug|Any CPU
		{BA572FC0-5911-457A-BEC0-314E143D7D31}.Debug|Any CPU.Build.0 = Debug|Any CPU
		{BA572FC0-5911-457A-BEC0-314E143D7D31}.Release|Any CPU.ActiveCfg = Release|Any CPU
		{BA572FC0-5911-457A-BEC0-314E143D7D31}.Release|Any CPU.Build.0 = Release|Any CPU
	EndGlobalSection
	GlobalSection(SolutionProperties) = preSolution
		HideSolutionNode = FALSE
	EndGlobalSection
	GlobalSection(ExtensibilityGlobals) = postSolution
		SolutionGuid = {70362EEE-DFD6-4EB3-87C5-CE9C3CD22915}
	EndGlobalSection
EndGlobal
